
Microsoft Visual Studio Solution File, Format Version 12.00
# Visual Studio 15
Project("{FAE04EC0-301F-11D3-BF4B-00C04F79EFBC}") = "Assembly-CSharp", "Assembly-CSharp.csproj", "{BFF469AF-9340-6541-1E8B-2F79FB7D4FFB}"
EndProject
Project("{FAE04EC0-301F-11D3-BF4B-00C04F79EFBC}") = "Assembly-CSharp-Editor", "Assembly-CSharp-Editor.csproj", "{A91B3E33-5805-4386-6323-7C199B716D71}"
EndProject
Global
	GlobalSection(SolutionConfigurationPlatforms) = preSolution
		Debug|Any CPU = Debug|Any CPU
		Release|Any CPU = Release|Any CPU
	EndGlobalSection
	GlobalSection(ProjectConfigurationPlatforms) = postSolution
		{BFF469AF-9340-6541-1E8B-2F79FB7D4FFB}.Debug|Any CPU.ActiveCfg = Debug|Any CPU
		{BFF469AF-9340-6541-1E8B-2F79FB7D4FFB}.Debug|Any CPU.Build.0 = Debug|Any CPU
		{BFF469AF-9340-6541-1E8B-2F79FB7D4FFB}.Release|Any CPU.ActiveCfg = Release|Any CPU
		{BFF469AF-9340-6541-1E8B-2F79FB7D4FFB}.Release|Any CPU.Build.0 = Release|Any CPU
		{A91B3E33-5805-4386-6323-7C199B716D71}.Debug|Any CPU.ActiveCfg = Debug|Any CPU
		{A91B3E33-5805-4386-6323-7C199B716D71}.Debug|Any CPU.Build.0 = Debug|Any CPU
		{A91B3E33-5805-4386-6323-7C199B716D71}.Release|Any CPU.ActiveCfg = Release|Any CPU
		{A91B3E33-5805-4386-6323-7C199B716D71}.Release|Any CPU.Build.0 = Release|Any CPU
	EndGlobalSection
	GlobalSection(SolutionProperties) = preSolution
		HideSolutionNode = FALSE
	EndGlobalSection
EndGlobal
